{
  "name": "node-server",
  "version": "0.1.0",
  "lockfileVersion": 1,
  "requires": true,
  "dependencies": {
    "@yimura/import-dir": {
      "version": "0.1.10",
      "resolved": "https://registry.npmjs.org/@yimura/import-dir/-/import-dir-0.1.10.tgz",
      "integrity": "sha512-1RgsOjIl7DLVIcrzPoSNhjA1RWOqQAlabbfunQooAu+U4XrmHkfdhjgLCMROvB7i6fnHvJGjKyxKAELpn/VXjw=="
    }
  }
}
